// !$*UTF8*$!
{
	archiveVersion = 1;
	classes = {
	};
	objectVersion = 50;
	objects = {

/* Begin PBXBuildFile section */
		AD44CCAA21C6A23A00AE0043 /* AppDelegate.swift in Sources */ = {isa = PBXBuildFile; fileRef = AD44CCA921C6A23A00AE0043 /* AppDelegate.swift */; };
		AD44CCAC21C6A23A00AE0043 /* ViewController.swift in Sources */ = {isa = PBXBuildFile; fileRef = AD44CCAB21C6A23A00AE0043 /* ViewController.swift */; };
		AD44CCAF21C6A23A00AE0043 /* Main.storyboard in Resources */ = {isa = PBXBuildFile; fileRef = AD44CCAD21C6A23A00AE0043 /* Main.storyboard */; };
		AD44CCB121C6A23B00AE0043 /* Assets.xcassets in Resources */ = {isa = PBXBuildFile; fileRef = AD44CCB021C6A23B00AE0043 /* Assets.xcassets */; };
		AD44CCB421C6A23B00AE0043 /* LaunchScreen.storyboard in Resources */ = {isa = PBXBuildFile; fileRef = AD44CCB221C6A23B00AE0043 /* LaunchScreen.storyboard */; };
		AD44CCBE21C6A27E00AE0043 /* Dog.swift in Sources */ = {isa = PBXBuildFile; fileRef = AD44CCBD21C6A27E00AE0043 /* Dog.swift */; };
		ADA7BDA021D71939008BDAAD /* JinDoDog.swift in Sources */ = {isa = PBXBuildFile; fileRef = ADA7BD9F21D71939008BDAAD /* JinDoDog.swift */; };
/* End PBXBuildFile section */

/* Begin PBXFileReference section */
		AD44CCA621C6A23A00AE0043 /* OOPPractice1.app */ = {isa = PBXFileReference; explicitFileType = wrapper.application; includeInIndex = 0; path = OOPPractice1.app; sourceTree = BUILT_PRODUCTS_DIR; };
		AD44CCA921C6A23A00AE0043 /* AppDelegate.swift */ = {isa = PBXFileReference; lastKnownFileType = sourcecode.swift; path = AppDelegate.swift; sourceTree = "<group>"; };
		AD44CCAB21C6A23A00AE0043 /* ViewController.swift */ = {isa = PBXFileReference; lastKnownFileType = sourcecode.swift; path = ViewController.swift; sourceTree = "<group>"; };
		AD44CCAE21C6A23A00AE0043 /* Base */ = {isa = PBXFileReference; lastKnownFileType = file.storyboard; name = Base; path = Base.lproj/Main.storyboard; sourceTree = "<group>"; };
		AD44CCB021C6A23B00AE0043 /* Assets.xcassets */ = {isa = PBXFileReference; lastKnownFileType = folder.assetcatalog; path = Assets.xcassets; sourceTree = "<group>"; };
		AD44CCB321C6A23B00AE0043 /* Base */ = {isa = PBXFileReference; lastKnownFileType = file.storyboard; name = Base; path = Base.lproj/LaunchScreen.storyboard; sourceTree = "<group>"; };
		AD44CCB521C6A23B00AE0043 /* Info.plist */ = {isa = PBXFileReference; lastKnownFileType = text.plist.xml; path = Info.plist; sourceTree = "<group>"; };
		AD44CCBD21C6A27E00AE0043 /* Dog.swift */ = {isa = PBXFileReference; lastKnownFileType = sourcecode.swift; path = Dog.swift; sourceTree = "<group>"; };
		ADA7BD9F21D71939008BDAAD /* JinDoDog.swift */ = {isa = PBXFileReference; lastKnownFileType = sourcecode.swift; path = JinDoDog.swift; sourceTree = "<group>"; };
/* End PBXFileReference section */

/* Begin PBXFrameworksBuildPhase section */
		AD44CCA321C6A23A00AE0043 /* Frameworks */ = {
			isa = PBXFrameworksBuildPhase;
			buildActionMask = 2147483647;
			files = (
			);
			runOnlyForDeploymentPostprocessing = 0;
		};
/* End PBXFrameworksBuildPhase section */

/* Begin PBXGroup section */
		AD44CC9D21C6A23A00AE0043 = {
			isa = PBXGroup;
			children = (
				AD44CCA821C6A23A00AE0043 /* OOPPractice1 */,
				AD44CCA721C6A23A00AE0043 /* Products */,
			);
			sourceTree = "<group>";
		};
		AD44CCA721C6A23A00AE0043 /* Products */ = {
			isa = PBXGroup;
			children = (
				AD44CCA621C6A23A00AE0043 /* OOPPractice1.app */,
			);
			name = Products;
			sourceTree = "<group>";
		};
		AD44CCA821C6A23A00AE0043 /* OOPPractice1 */ = {
			isa = PBXGroup;
			children = (
				AD44CCA921C6A23A00AE0043 /* AppDelegate.swift */,
				AD44CCAB21C6A23A00AE0043 /* ViewController.swift */,
				AD44CCAD21C6A23A00AE0043 /* Main.storyboard */,
				AD44CCB021C6A23B00AE0043 /* Assets.xcassets */,
				AD44CCB221C6A23B00AE0043 /* LaunchScreen.storyboard */,
				AD44CCB521C6A23B00AE0043 /* Info.plist */,
				AD44CCBD21C6A27E00AE0043 /* Dog.swift */,
				ADA7BD9F21D71939008BDAAD /* JinDoDog.swift */,
			);
			path = OOPPractice1;
			sourceTree = "<group>";
		};
/* End PBXGroup section */

/* Begin PBXNativeTarget section */
		AD44CCA521C6A23A00AE0043 /* OOPPractice1 */ = {
			isa = PBXNativeTarget;
			buildConfigurationList = AD44CCB821C6A23B00AE0043 /* Build configuration list for PBXNativeTarget "OOPPractice1" */;
			buildPhases = (
				AD44CCA221C6A23A00AE0043 /* Sources */,
				AD44CCA321C6A23A00AE0043 /* Frameworks */,
				AD44CCA421C6A23A00AE0043 /* Resources */,
			);
			buildRules = (
			);
			dependencies = (
			);
			name = OOPPractice1;
			productName = OOPPractice1;
			productReference = AD44CCA621C6A23A00AE0043 /* OOPPractice1.app */;
			productType = "com.apple.product-type.application";
		};
/* End PBXNativeTarget section */

/* Begin PBXProject section */
		AD44CC9E21C6A23A00AE0043 /* Project object */ = {
			isa = PBXProject;
			attributes = {
				LastSwiftUpdateCheck = 1010;
				LastUpgradeCheck = 1010;
				ORGANIZATIONNAME = kimsanghyeon1;
				TargetAttributes = {
					AD44CCA521C6A23A00AE0043 = {
						CreatedOnToolsVersion = 10.1;
					};
				};
			};
			buildConfigurationList = AD44CCA121C6A23A00AE0043 /* Build configuration list for PBXProject "OOPPractice1" */;
			compatibilityVersion = "Xcode 9.3";
			developmentRegion = en;
			hasScannedForEncodings = 0;
			knownRegions = (
				en,
				Base,
			);
			mainGroup = AD44CC9D21C6A23A00AE0043;
			productRefGroup = AD44CCA721C6A23A00AE0043 /* Products */;
			projectDirPath = "";
			projectRoot = "";
			targets = (
				AD44CCA521C6A23A00AE0043 /* OOPPractice1 */,
			);
		};
/* End PBXProject section */

/* Begin PBXResourcesBuildPhase section */
		AD44CCA421C6A23A00AE0043 /* Resources */ = {
			isa = PBXResourcesBuildPhase;
			buildActionMask = 2147483647;
			files = (
				AD44CCB421C6A23B00AE0043 /* LaunchScreen.storyboard in Resources */,
				AD44CCB121C6A23B00AE0043 /* Assets.xcassets in Resources */,
				AD44CCAF21C6A23A00AE0043 /* Main.storyboard in Resources */,
			);
			runOnlyForDeploymentPostprocessing = 0;
		};
/* End PBXResourcesBuildPhase section */

/* Begin PBXSourcesBuildPhase section */
		AD44CCA221C6A23A00AE0043 /* Sources */ = {
			isa = PBXSourcesBuildPhase;
			buildActionMask = 2147483647;
			files = (
				AD44CCAC21C6A23A00AE0043 /* ViewController.swift in Sources */,
				AD44CCAA21C6A23A00AE0043 /* AppDelegate.swift in Sources */,
				AD44CCBE21C6A27E00AE0043 /* Dog.swift in Sources */,
				ADA7BDA021D71939008BDAAD /* JinDoDog.swift in Sources */,
			);
			runOnlyForDeploymentPostprocessing = 0;
		};
/* End PBXSourcesBuildPhase section */

/* Begin PBXVariantGroup section */
		AD44CCAD21C6A23A00AE0043 /* Main.storyboard */ = {
			isa = PBXVariantGroup;
			children = (
				AD44CCAE21C6A23A00AE0043 /* Base */,
			);
			name = Main.storyboard;
			sourceTree = "<group>";
		};
		AD44CCB221C6A23B00AE0043 /* LaunchScreen.storyboard */ = {
			isa = PBXVariantGroup;
			children = (
				AD44CCB321C6A23B00AE0043 /* Base */,
			);
			name = LaunchScreen.storyboard;
			sourceTree = "<group>";
		};
/* End PBXVariantGroup section */

/* Begin XCBuildConfiguration section */
		AD44CCB621C6A23B00AE0043 /* Debug */ = {
			isa = XCBuildConfiguration;
			buildSettings = {
				ALWAYS_SEARCH_USER_PATHS = NO;
				CLANG_ANALYZER_NONNULL = YES;
				CLANG_ANALYZER_NUMBER_OBJECT_CONVERSION = YES_AGGRESSIVE;
				CLANG_CXX_LANGUAGE_STANDARD = "gnu++14";
				CLANG_CXX_LIBRARY = "libc++";
				CLANG_ENABLE_MODULES = YES;
				CLANG_ENABLE_OBJC_ARC = YES;
				CLANG_ENABLE_OBJC_WEAK = YES;
				CLANG_WARN_BLOCK_CAPTURE_AUTORELEASING = YES;
				CLANG_WARN_BOOL_CONVERSION = YES;
				CLANG_WARN_COMMA = YES;
				CLANG_WARN_CONSTANT_CONVERSION = YES;
				CLANG_WARN_DEPRECATED_OBJC_IMPLEMENTATIONS = YES;
				CLANG_WARN_DIRECT_OBJC_ISA_USAGE = YES_ERROR;
				CLANG_WARN_DOCUMENTATION_COMMENTS = YES;
				CLANG_WARN_EMPTY_BODY = YES;
				CLANG_WARN_ENUM_CONVERSION = YES;
				CLANG_WARN_INFINITE_RECURSION = YES;
				CLANG_WARN_INT_CONVERSION = YES;
				CLANG_WARN_NON_LITERAL_NULL_CONVERSION = YES;
				CLANG_WARN_OBJC_IMPLICIT_RETAIN_SELF = YES;
				CLANG_WARN_OBJC_LITERAL_CONVERSION = YES;
				CLANG_WARN_OBJC_ROOT_CLASS = YES_ERROR;
				CLANG_WARN_RANGE_LOOP_ANALYSIS = YES;
				CLANG_WARN_STRICT_PROTOTYPES = YES;
				CLANG_WARN_SUSPICIOUS_MOVE = YES;
				CLANG_WARN_UNGUARDED_AVAILABILITY = YES_AGGRESSIVE;
				CLANG_WARN_UNREACHABLE_CODE = YES;
				CLANG_WARN__DUPLICATE_METHOD_MATCH = YES;
				CODE_SIGN_IDENTITY = "iPhone Developer";
				COPY_PHASE_STRIP = NO;
				DEBUG_INFORMATION_FORMAT = dwarf;
				ENABLE_STRICT_OBJC_MSGSEND = YES;
				ENABLE_TESTABILITY = YES;
				GCC_C_LANGUAGE_STANDARD = gnu11;
				GCC_DYNAMIC_NO_PIC = NO;
				GCC_NO_COMMON_BLOCKS = YES;
				GCC_OPTIMIZATION_LEVEL = 0;
				GCC_PREPROCESSOR_DEFINITIONS = (
					"DEBUG=1",
					"$(inherited)",
				);
				GCC_WARN_64_TO_32_BIT_CONVERSION = YES;
				GCC_WARN_ABOUT_RETURN_TYPE = YES_ERROR;
				GCC_WARN_UNDECLARED_SELECTOR = YES;
				GCC_WARN_UNINITIALIZED_AUTOS = YES_AGGRESSIVE;
				GCC_WARN_UNUSED_FUNCTION = YES;
				GCC_WARN_UNUSED_VARIABLE = YES;
				IPHONEOS_DEPLOYMENT_TARGET = 12.1;
				MTL_ENABLE_DEBUG_INFO = INCLUDE_SOURCE;
				MTL_FAST_MATH = YES;
				ONLY_ACTIVE_ARCH = YES;
				SDKROOT = iphoneos;
				SWIFT_ACTIVE_COMPILATION_CONDITIONS = DEBUG;
				SWIFT_OPTIMIZATION_LEVEL = "-Onone";
			};
			name = Debug;
		};
		AD44CCB721C6A23B00AE0043 /* Release */ = {
			isa = XCBuildConfiguration;
			buildSettings = {
				ALWAYS_SEARCH_USER_PATHS = NO;
				CLANG_ANALYZER_NONNULL = YES;
				CLANG_ANALYZER_NUMBER_OBJECT_CONVERSION = YES_AGGRESSIVE;
				CLANG_CXX_LANGUAGE_STANDARD = "gnu++14";
				CLANG_CXX_LIBRARY = "libc++";
				CLANG_ENABLE_MODULES = YES;
				CLANG_ENABLE_OBJC_ARC = YES;
				CLANG_ENABLE_OBJC_WEAK = YES;
				CLANG_WARN_BLOCK_CAPTURE_AUTORELEASING = YES;
				CLANG_WARN_BOOL_CONVERSION = YES;
				CLANG_WARN_COMMA = YES;
				CLANG_WARN_CONSTANT_CONVERSION = YES;
				CLANG_WARN_DEPRECATED_OBJC_IMPLEMENTATIONS = YES;
				CLANG_WARN_DIRECT_OBJC_ISA_USAGE = YES_ERROR;
				CLANG_WARN_DOCUMENTATION_COMMENTS = YES;
				CLANG_WARN_EMPTY_BODY = YES;
				CLANG_WARN_ENUM_CONVERSION = YES;
				CLANG_WARN_INFINITE_RECURSION = YES;
				CLANG_WARN_INT_CONVERSION = YES;
				CLANG_WARN_NON_LITERAL_NULL_CONVERSION = YES;
				CLANG_WARN_OBJC_IMPLICIT_RETAIN_SELF = YES;
				CLANG_WARN_OBJC_LITERAL_CONVERSION = YES;
				CLANG_WARN_OBJC_ROOT_CLASS = YES_ERROR;
				CLANG_WARN_RANGE_LOOP_ANALYSIS = YES;
				CLANG_WARN_STRICT_PROTOTYPES = YES;
				CLANG_WARN_SUSPICIOUS_MOVE = YES;
				CLANG_WARN_UNGUARDED_AVAILABILITY = YES_AGGRESSIVE;
				CLANG_WARN_UNREACHABLE_CODE = YES;
				CLANG_WARN__DUPLICATE_METHOD_MATCH = YES;
				CODE_SIGN_IDENTITY = "iPhone Developer";
				COPY_PHASE_STRIP = NO;
				DEBUG_INFORMATION_FORMAT = "dwarf-with-dsym";
				ENABLE_NS_ASSERTIONS = NO;
				ENABLE_STRICT_OBJC_MSGSEND = YES;
				GCC_C_LANGUAGE_STANDARD = gnu11;
				GCC_NO_COMMON_BLOCKS = YES;
				GCC_WARN_64_TO_32_BIT_CONVERSION = YES;
				GCC_WARN_ABOUT_RETURN_TYPE = YES_ERROR;
				GCC_WARN_UNDECLARED_SELECTOR = YES;
				GCC_WARN_UNINITIALIZED_AUTOS = YES_AGGRESSIVE;
				GCC_WARN_UNUSED_FUNCTION = YES;
				GCC_WARN_UNUSED_VARIABLE = YES;
				IPHONEOS_DEPLOYMENT_TARGET = 12.1;
				MTL_ENABLE_DEBUG_INFO = NO;
				MTL_FAST_MATH = YES;
				SDKROOT = iphoneos;
				SWIFT_COMPILATION_MODE = wholemodule;
				SWIFT_OPTIMIZATION_LEVEL = "-O";
				VALIDATE_PRODUCT = YES;
			};
			name = Release;
		};
		AD44CCB921C6A23B00AE0043 /* Debug */ = {
			isa = XCBuildConfiguration;
			buildSettings = {
				ASSETCATALOG_COMPILER_APPICON_NAME = AppIcon;
				CODE_SIGN_STYLE = Automatic;
				DEVELOPMENT_TEAM = 5JMCFP5BH5;
				INFOPLIST_FILE = OOPPractice1/Info.plist;
				LD_RUNPATH_SEARCH_PATHS = (
					"$(inherited)",
					"@executable_path/Frameworks",
				);
				PRODUCT_BUNDLE_IDENTIFIER = com.kimsanghyeon1.OOPPractice1;
				PRODUCT_NAME = "$(TARGET_NAME)";
				SWIFT_VERSION = 4.2;
				TARGETED_DEVICE_FAMILY = "1,2";
			};
			name = Debug;
		};
		AD44CCBA21C6A23B00AE0043 /* Release */ = {
			isa = XCBuildConfiguration;
			buildSettings = {
				ASSETCATALOG_COMPILER_APPICON_NAME = AppIcon;
				CODE_SIGN_STYLE = Automatic;
				DEVELOPMENT_TEAM = 5JMCFP5BH5;
				INFOPLIST_FILE = OOPPractice1/Info.plist;
				LD_RUNPATH_SEARCH_PATHS = (
					"$(inherited)",
					"@executable_path/Frameworks",
				);
				PRODUCT_BUNDLE_IDENTIFIER = com.kimsanghyeon1.OOPPractice1;
				PRODUCT_NAME = "$(TARGET_NAME)";
				SWIFT_VERSION = 4.2;
				TARGETED_DEVICE_FAMILY = "1,2";
			};
			name = Release;
		};
/* End XCBuildConfiguration section */

/* Begin XCConfigurationList section */
		AD44CCA121C6A23A00AE0043 /* Build configuration list for PBXProject "OOPPractice1" */ = {
			isa = XCConfigurationList;
			buildConfigurations = (
				AD44CCB621C6A23B00AE0043 /* Debug */,
				AD44CCB721C6A23B00AE0043 /* Release */,
			);
			defaultConfigurationIsVisible = 0;
			defaultConfigurationName = Release;
		};
		AD44CCB821C6A23B00AE0043 /* Build configuration list for PBXNativeTarget "OOPPractice1" */ = {
			isa = XCConfigurationList;
			buildConfigurations = (
				AD44CCB921C6A23B00AE0043 /* Debug */,
				AD44CCBA21C6A23B00AE0043 /* Release */,
			);
			defaultConfigurationIsVisible = 0;
			defaultConfigurationName = Release;
		};
/* End XCConfigurationList section */
	};
	rootObject = AD44CC9E21C6A23A00AE0043 /* Project object */;
}
